// !$*UTF8*$!
{
	archiveVersion = 1;
	classes = {
	};
	objectVersion = 51;
	objects = {

/* Begin PBXBuildFile section */
		A749DADE25986DD100494598 /* AppDelegate.swift in Sources */ = {isa = PBXBuildFile; fileRef = A749DADD25986DD100494598 /* AppDelegate.swift */; };
		A749DAE025986DD100494598 /* SceneDelegate.swift in Sources */ = {isa = PBXBuildFile; fileRef = A749DADF25986DD100494598 /* SceneDelegate.swift */; };
		A749DAE525986DD100494598 /* Main.storyboard in Resources */ = {isa = PBXBuildFile; fileRef = A749DAE325986DD100494598 /* Main.storyboard */; };
		A749DAE825986DD100494598 /* RxJHMeMO.xcdatamodeld in Sources */ = {isa = PBXBuildFile; fileRef = A749DAE625986DD100494598 /* RxJHMeMO.xcdatamodeld */; };
		A749DAEA25986DD200494598 /* Assets.xcassets in Resources */ = {isa = PBXBuildFile; fileRef = A749DAE925986DD200494598 /* Assets.xcassets */; };
		A749DAED25986DD200494598 /* LaunchScreen.storyboard in Resources */ = {isa = PBXBuildFile; fileRef = A749DAEB25986DD200494598 /* LaunchScreen.storyboard */; };
		A7722DD525986ECC0002D183 /* Podfile in Resources */ = {isa = PBXBuildFile; fileRef = A7722DD425986ECC0002D183 /* Podfile */; };
		A7722DE9259871A10002D183 /* Memo.swift in Sources */ = {isa = PBXBuildFile; fileRef = A7722DE8259871A10002D183 /* Memo.swift */; };
		A7722DEC259878060002D183 /* MemoStorageType.swift in Sources */ = {isa = PBXBuildFile; fileRef = A7722DEB259878060002D183 /* MemoStorageType.swift */; };
		A7722DF1259878E70002D183 /* MemoryStorage.swift in Sources */ = {isa = PBXBuildFile; fileRef = A7722DF0259878E70002D183 /* MemoryStorage.swift */; };
		A7722DF52599B3240002D183 /* MemoListViewController.swift in Sources */ = {isa = PBXBuildFile; fileRef = A7722DF42599B3240002D183 /* MemoListViewController.swift */; };
		A7722DF82599B34F0002D183 /* MemoDetailViewController.swift in Sources */ = {isa = PBXBuildFile; fileRef = A7722DF72599B34F0002D183 /* MemoDetailViewController.swift */; };
		A7722DFB2599B3740002D183 /* MemoComposeViewController.swift in Sources */ = {isa = PBXBuildFile; fileRef = A7722DFA2599B3740002D183 /* MemoComposeViewController.swift */; };
		A7722DFE2599B3D70002D183 /* MemoListViewModel.swift in Sources */ = {isa = PBXBuildFile; fileRef = A7722DFD2599B3D70002D183 /* MemoListViewModel.swift */; };
		A7722E012599B4020002D183 /* MemoDetailViewModel.swift in Sources */ = {isa = PBXBuildFile; fileRef = A7722E002599B4020002D183 /* MemoDetailViewModel.swift */; };
		A7722E042599B4220002D183 /* MemoComposeViewModel.swift in Sources */ = {isa = PBXBuildFile; fileRef = A7722E032599B4220002D183 /* MemoComposeViewModel.swift */; };
		A7722E072599B46B0002D183 /* ViewModelBindableType.swift in Sources */ = {isa = PBXBuildFile; fileRef = A7722E062599B46B0002D183 /* ViewModelBindableType.swift */; };
		A7722E0A2599B7640002D183 /* TransitionModel.swift in Sources */ = {isa = PBXBuildFile; fileRef = A7722E092599B7640002D183 /* TransitionModel.swift */; };
		A7722E0E2599B7BA0002D183 /* Scene.swift in Sources */ = {isa = PBXBuildFile; fileRef = A7722E0D2599B7BA0002D183 /* Scene.swift */; };
		A7722E112599BA810002D183 /* SceneCoordinatorType.swift in Sources */ = {isa = PBXBuildFile; fileRef = A7722E102599BA810002D183 /* SceneCoordinatorType.swift */; };
		A7722E142599BB310002D183 /* SceneCoordinator.swift in Sources */ = {isa = PBXBuildFile; fileRef = A7722E132599BB310002D183 /* SceneCoordinator.swift */; };
		B4CD0BF16C0FD20C20374F0C /* Pods_RxJHMeMO.framework in Frameworks */ = {isa = PBXBuildFile; fileRef = AA2C5C3E8E06E3189E1A1BE6 /* Pods_RxJHMeMO.framework */; };
/* End PBXBuildFile section */

/* Begin PBXFileReference section */
		97CF6CAEAFB14E9052319BAB /* Pods-RxJHMeMO.debug.xcconfig */ = {isa = PBXFileReference; includeInIndex = 1; lastKnownFileType = text.xcconfig; name = "Pods-RxJHMeMO.debug.xcconfig"; path = "Target Support Files/Pods-RxJHMeMO/Pods-RxJHMeMO.debug.xcconfig"; sourceTree = "<group>"; };
		A749DADA25986DD100494598 /* RxJHMeMO.app */ = {isa = PBXFileReference; explicitFileType = wrapper.application; includeInIndex = 0; path = RxJHMeMO.app; sourceTree = BUILT_PRODUCTS_DIR; };
		A749DADD25986DD100494598 /* AppDelegate.swift */ = {isa = PBXFileReference; lastKnownFileType = sourcecode.swift; path = AppDelegate.swift; sourceTree = "<group>"; };
		A749DADF25986DD100494598 /* SceneDelegate.swift */ = {isa = PBXFileReference; lastKnownFileType = sourcecode.swift; path = SceneDelegate.swift; sourceTree = "<group>"; };
		A749DAE425986DD100494598 /* Base */ = {isa = PBXFileReference; lastKnownFileType = file.storyboard; name = Base; path = Base.lproj/Main.storyboard; sourceTree = "<group>"; };
		A749DAE725986DD100494598 /* RxJHMeMO.xcdatamodel */ = {isa = PBXFileReference; lastKnownFileType = wrapper.xcdatamodel; path = RxJHMeMO.xcdatamodel; sourceTree = "<group>"; };
		A749DAE925986DD200494598 /* Assets.xcassets */ = {isa = PBXFileReference; lastKnownFileType = folder.assetcatalog; path = Assets.xcassets; sourceTree = "<group>"; };
		A749DAEC25986DD200494598 /* Base */ = {isa = PBXFileReference; lastKnownFileType = file.storyboard; name = Base; path = Base.lproj/LaunchScreen.storyboard; sourceTree = "<group>"; };
		A749DAEE25986DD200494598 /* Info.plist */ = {isa = PBXFileReference; lastKnownFileType = text.plist.xml; path = Info.plist; sourceTree = "<group>"; };
		A7722DD425986ECC0002D183 /* Podfile */ = {isa = PBXFileReference; fileEncoding = 4; lastKnownFileType = text; path = Podfile; sourceTree = SOURCE_ROOT; };
		A7722DE8259871A10002D183 /* Memo.swift */ = {isa = PBXFileReference; lastKnownFileType = sourcecode.swift; path = Memo.swift; sourceTree = "<group>"; };
		A7722DEB259878060002D183 /* MemoStorageType.swift */ = {isa = PBXFileReference; lastKnownFileType = sourcecode.swift; path = MemoStorageType.swift; sourceTree = "<group>"; };
		A7722DF0259878E70002D183 /* MemoryStorage.swift */ = {isa = PBXFileReference; lastKnownFileType = sourcecode.swift; path = MemoryStorage.swift; sourceTree = "<group>"; };
		A7722DF42599B3240002D183 /* MemoListViewController.swift */ = {isa = PBXFileReference; lastKnownFileType = sourcecode.swift; path = MemoListViewController.swift; sourceTree = "<group>"; };
		A7722DF72599B34F0002D183 /* MemoDetailViewController.swift */ = {isa = PBXFileReference; lastKnownFileType = sourcecode.swift; path = MemoDetailViewController.swift; sourceTree = "<group>"; };
		A7722DFA2599B3740002D183 /* MemoComposeViewController.swift */ = {isa = PBXFileReference; lastKnownFileType = sourcecode.swift; path = MemoComposeViewController.swift; sourceTree = "<group>"; };
		A7722DFD2599B3D70002D183 /* MemoListViewModel.swift */ = {isa = PBXFileReference; lastKnownFileType = sourcecode.swift; path = MemoListViewModel.swift; sourceTree = "<group>"; };
		A7722E002599B4020002D183 /* MemoDetailViewModel.swift */ = {isa = PBXFileReference; lastKnownFileType = sourcecode.swift; path = MemoDetailViewModel.swift; sourceTree = "<group>"; };
		A7722E032599B4220002D183 /* MemoComposeViewModel.swift */ = {isa = PBXFileReference; lastKnownFileType = sourcecode.swift; path = MemoComposeViewModel.swift; sourceTree = "<group>"; };
		A7722E062599B46B0002D183 /* ViewModelBindableType.swift */ = {isa = PBXFileReference; lastKnownFileType = sourcecode.swift; path = ViewModelBindableType.swift; sourceTree = "<group>"; };
		A7722E092599B7640002D183 /* TransitionModel.swift */ = {isa = PBXFileReference; lastKnownFileType = sourcecode.swift; path = TransitionModel.swift; sourceTree = "<group>"; };
		A7722E0D2599B7BA0002D183 /* Scene.swift */ = {isa = PBXFileReference; lastKnownFileType = sourcecode.swift; path = Scene.swift; sourceTree = "<group>"; };
		A7722E102599BA810002D183 /* SceneCoordinatorType.swift */ = {isa = PBXFileReference; lastKnownFileType = sourcecode.swift; path = SceneCoordinatorType.swift; sourceTree = "<group>"; };
		A7722E132599BB310002D183 /* SceneCoordinator.swift */ = {isa = PBXFileReference; lastKnownFileType = sourcecode.swift; path = SceneCoordinator.swift; sourceTree = "<group>"; };
		AA2C5C3E8E06E3189E1A1BE6 /* Pods_RxJHMeMO.framework */ = {isa = PBXFileReference; explicitFileType = wrapper.framework; includeInIndex = 0; path = Pods_RxJHMeMO.framework; sourceTree = BUILT_PRODUCTS_DIR; };
		B4349CE8DF40BD9FD504E3C9 /* Pods-RxJHMeMO.release.xcconfig */ = {isa = PBXFileReference; includeInIndex = 1; lastKnownFileType = text.xcconfig; name = "Pods-RxJHMeMO.release.xcconfig"; path = "Target Support Files/Pods-RxJHMeMO/Pods-RxJHMeMO.release.xcconfig"; sourceTree = "<group>"; };
/* End PBXFileReference section */

/* Begin PBXFrameworksBuildPhase section */
		A749DAD725986DD100494598 /* Frameworks */ = {
			isa = PBXFrameworksBuildPhase;
			buildActionMask = 2147483647;
			files = (
				B4CD0BF16C0FD20C20374F0C /* Pods_RxJHMeMO.framework in Frameworks */,
			);
			runOnlyForDeploymentPostprocessing = 0;
		};
/* End PBXFrameworksBuildPhase section */

/* Begin PBXGroup section */
		4FB01839313D754007191226 /* Pods */ = {
			isa = PBXGroup;
			children = (
				97CF6CAEAFB14E9052319BAB /* Pods-RxJHMeMO.debug.xcconfig */,
				B4349CE8DF40BD9FD504E3C9 /* Pods-RxJHMeMO.release.xcconfig */,
			);
			path = Pods;
			sourceTree = "<group>";
		};
		6196D512B1D3A0FF49AAEDC5 /* Frameworks */ = {
			isa = PBXGroup;
			children = (
				AA2C5C3E8E06E3189E1A1BE6 /* Pods_RxJHMeMO.framework */,
			);
			name = Frameworks;
			sourceTree = "<group>";
		};
		A749DAD125986DD100494598 = {
			isa = PBXGroup;
			children = (
				A749DADC25986DD100494598 /* RxJHMeMO */,
				A749DADB25986DD100494598 /* Products */,
				4FB01839313D754007191226 /* Pods */,
				6196D512B1D3A0FF49AAEDC5 /* Frameworks */,
			);
			sourceTree = "<group>";
		};
		A749DADB25986DD100494598 /* Products */ = {
			isa = PBXGroup;
			children = (
				A749DADA25986DD100494598 /* RxJHMeMO.app */,
			);
			name = Products;
			sourceTree = "<group>";
		};
		A749DADC25986DD100494598 /* RxJHMeMO */ = {
			isa = PBXGroup;
			children = (
				A7722DE52598710B0002D183 /* Scene */,
				A7722DE4259870FA0002D183 /* Service */,
				A7722DE3259870E00002D183 /* ViewModel */,
				A7722DE2259870CD0002D183 /* VIewController */,
				A7722DE1259870BC0002D183 /* Model */,
				A749DADD25986DD100494598 /* AppDelegate.swift */,
				A749DADF25986DD100494598 /* SceneDelegate.swift */,
				A7722DD425986ECC0002D183 /* Podfile */,
				A749DAE925986DD200494598 /* Assets.xcassets */,
				A749DAEE25986DD200494598 /* Info.plist */,
			);
			path = RxJHMeMO;
			sourceTree = "<group>";
		};
		A7722DE1259870BC0002D183 /* Model */ = {
			isa = PBXGroup;
			children = (
				A7722DE8259871A10002D183 /* Memo.swift */,
			);
			path = Model;
			sourceTree = "<group>";
		};
		A7722DE2259870CD0002D183 /* VIewController */ = {
			isa = PBXGroup;
			children = (
				A749DAE325986DD100494598 /* Main.storyboard */,
				A749DAEB25986DD200494598 /* LaunchScreen.storyboard */,
				A7722DF42599B3240002D183 /* MemoListViewController.swift */,
				A7722DF72599B34F0002D183 /* MemoDetailViewController.swift */,
				A7722DFA2599B3740002D183 /* MemoComposeViewController.swift */,
				A7722E062599B46B0002D183 /* ViewModelBindableType.swift */,
			);
			path = VIewController;
			sourceTree = "<group>";
		};
		A7722DE3259870E00002D183 /* ViewModel */ = {
			isa = PBXGroup;
			children = (
				A7722DFD2599B3D70002D183 /* MemoListViewModel.swift */,
				A7722E002599B4020002D183 /* MemoDetailViewModel.swift */,
				A7722E032599B4220002D183 /* MemoComposeViewModel.swift */,
			);
			path = ViewModel;
			sourceTree = "<group>";
		};
		A7722DE4259870FA0002D183 /* Service */ = {
			isa = PBXGroup;
			children = (
				A7722DEF259878BA0002D183 /* CoreDateStorage */,
				A7722DEE259878A20002D183 /* MemoryStorage */,
				A7722DEB259878060002D183 /* MemoStorageType.swift */,
			);
			path = Service;
			sourceTree = "<group>";
		};
		A7722DE52598710B0002D183 /* Scene */ = {
			isa = PBXGroup;
			children = (
				A7722E092599B7640002D183 /* TransitionModel.swift */,
				A7722E0D2599B7BA0002D183 /* Scene.swift */,
				A7722E102599BA810002D183 /* SceneCoordinatorType.swift */,
				A7722E132599BB310002D183 /* SceneCoordinator.swift */,
			);
			path = Scene;
			sourceTree = "<group>";
		};
		A7722DEE259878A20002D183 /* MemoryStorage */ = {
			isa = PBXGroup;
			children = (
				A7722DF0259878E70002D183 /* MemoryStorage.swift */,
			);
			path = MemoryStorage;
			sourceTree = "<group>";
		};
		A7722DEF259878BA0002D183 /* CoreDateStorage */ = {
			isa = PBXGroup;
			children = (
				A749DAE625986DD100494598 /* RxJHMeMO.xcdatamodeld */,
			);
			path = CoreDateStorage;
			sourceTree = "<group>";
		};
/* End PBXGroup section */

/* Begin PBXNativeTarget section */
		A749DAD925986DD100494598 /* RxJHMeMO */ = {
			isa = PBXNativeTarget;
			buildConfigurationList = A749DAF125986DD200494598 /* Build configuration list for PBXNativeTarget "RxJHMeMO" */;
			buildPhases = (
				984121A1E6555EFFE96CA29B /* [CP] Check Pods Manifest.lock */,
				A749DAD625986DD100494598 /* Sources */,
				A749DAD725986DD100494598 /* Frameworks */,
				A749DAD825986DD100494598 /* Resources */,
				93AA1F0726DE25C3F8A68977 /* [CP] Embed Pods Frameworks */,
			);
			buildRules = (
			);
			dependencies = (
			);
			name = RxJHMeMO;
			productName = RxJHMeMO;
			productReference = A749DADA25986DD100494598 /* RxJHMeMO.app */;
			productType = "com.apple.product-type.application";
		};
/* End PBXNativeTarget section */

/* Begin PBXProject section */
		A749DAD225986DD100494598 /* Project object */ = {
			isa = PBXProject;
			attributes = {
				LastSwiftUpdateCheck = 1230;
				LastUpgradeCheck = 1230;
				TargetAttributes = {
					A749DAD925986DD100494598 = {
						CreatedOnToolsVersion = 12.3;
					};
				};
			};
			buildConfigurationList = A749DAD525986DD100494598 /* Build configuration list for PBXProject "RxJHMeMO" */;
			compatibilityVersion = "Xcode 9.3";
			developmentRegion = en;
			hasScannedForEncodings = 0;
			knownRegions = (
				en,
				Base,
			);
			mainGroup = A749DAD125986DD100494598;
			productRefGroup = A749DADB25986DD100494598 /* Products */;
			projectDirPath = "";
			projectRoot = "";
			targets = (
				A749DAD925986DD100494598 /* RxJHMeMO */,
			);
		};
/* End PBXProject section */

/* Begin PBXResourcesBuildPhase section */
		A749DAD825986DD100494598 /* Resources */ = {
			isa = PBXResourcesBuildPhase;
			buildActionMask = 2147483647;
			files = (
				A749DAED25986DD200494598 /* LaunchScreen.storyboard in Resources */,
				A749DAEA25986DD200494598 /* Assets.xcassets in Resources */,
				A7722DD525986ECC0002D183 /* Podfile in Resources */,
				A749DAE525986DD100494598 /* Main.storyboard in Resources */,
			);
			runOnlyForDeploymentPostprocessing = 0;
		};
/* End PBXResourcesBuildPhase section */

/* Begin PBXShellScriptBuildPhase section */
		93AA1F0726DE25C3F8A68977 /* [CP] Embed Pods Frameworks */ = {
			isa = PBXShellScriptBuildPhase;
			buildActionMask = 2147483647;
			files = (
			);
			inputFileListPaths = (
				"${PODS_ROOT}/Target Support Files/Pods-RxJHMeMO/Pods-RxJHMeMO-frameworks-${CONFIGURATION}-input-files.xcfilelist",
			);
			name = "[CP] Embed Pods Frameworks";
			outputFileListPaths = (
				"${PODS_ROOT}/Target Support Files/Pods-RxJHMeMO/Pods-RxJHMeMO-frameworks-${CONFIGURATION}-output-files.xcfilelist",
			);
			runOnlyForDeploymentPostprocessing = 0;
			shellPath = /bin/sh;
			shellScript = "\"${PODS_ROOT}/Target Support Files/Pods-RxJHMeMO/Pods-RxJHMeMO-frameworks.sh\"\n";
			showEnvVarsInLog = 0;
		};
		984121A1E6555EFFE96CA29B /* [CP] Check Pods Manifest.lock */ = {
			isa = PBXShellScriptBuildPhase;
			buildActionMask = 2147483647;
			files = (
			);
			inputFileListPaths = (
			);
			inputPaths = (
				"${PODS_PODFILE_DIR_PATH}/Podfile.lock",
				"${PODS_ROOT}/Manifest.lock",
			);
			name = "[CP] Check Pods Manifest.lock";
			outputFileListPaths = (
			);
			outputPaths = (
				"$(DERIVED_FILE_DIR)/Pods-RxJHMeMO-checkManifestLockResult.txt",
			);
			runOnlyForDeploymentPostprocessing = 0;
			shellPath = /bin/sh;
			shellScript = "diff \"${PODS_PODFILE_DIR_PATH}/Podfile.lock\" \"${PODS_ROOT}/Manifest.lock\" > /dev/null\nif [ $? != 0 ] ; then\n    # print error to STDERR\n    echo \"error: The sandbox is not in sync with the Podfile.lock. Run 'pod install' or update your CocoaPods installation.\" >&2\n    exit 1\nfi\n# This output is used by Xcode 'outputs' to avoid re-running this script phase.\necho \"SUCCESS\" > \"${SCRIPT_OUTPUT_FILE_0}\"\n";
			showEnvVarsInLog = 0;
		};
/* End PBXShellScriptBuildPhase section */

/* Begin PBXSourcesBuildPhase section */
		A749DAD625986DD100494598 /* Sources */ = {
			isa = PBXSourcesBuildPhase;
			buildActionMask = 2147483647;
			files = (
				A7722E0A2599B7640002D183 /* TransitionModel.swift in Sources */,
				A7722DF1259878E70002D183 /* MemoryStorage.swift in Sources */,
				A7722E142599BB310002D183 /* SceneCoordinator.swift in Sources */,
				A7722E0E2599B7BA0002D183 /* Scene.swift in Sources */,
				A7722E042599B4220002D183 /* MemoComposeViewModel.swift in Sources */,
				A7722DF82599B34F0002D183 /* MemoDetailViewController.swift in Sources */,
				A7722E072599B46B0002D183 /* ViewModelBindableType.swift in Sources */,
				A749DADE25986DD100494598 /* AppDelegate.swift in Sources */,
				A7722DEC259878060002D183 /* MemoStorageType.swift in Sources */,
				A749DAE025986DD100494598 /* SceneDelegate.swift in Sources */,
				A7722E112599BA810002D183 /* SceneCoordinatorType.swift in Sources */,
				A749DAE825986DD100494598 /* RxJHMeMO.xcdatamodeld in Sources */,
				A7722DFE2599B3D70002D183 /* MemoListViewModel.swift in Sources */,
				A7722E012599B4020002D183 /* MemoDetailViewModel.swift in Sources */,
				A7722DF52599B3240002D183 /* MemoListViewController.swift in Sources */,
				A7722DFB2599B3740002D183 /* MemoComposeViewController.swift in Sources */,
				A7722DE9259871A10002D183 /* Memo.swift in Sources */,
			);
			runOnlyForDeploymentPostprocessing = 0;
		};
/* End PBXSourcesBuildPhase section */

/* Begin PBXVariantGroup section */
		A749DAE325986DD100494598 /* Main.storyboard */ = {
			isa = PBXVariantGroup;
			children = (
				A749DAE425986DD100494598 /* Base */,
			);
			name = Main.storyboard;
			sourceTree = "<group>";
		};
		A749DAEB25986DD200494598 /* LaunchScreen.storyboard */ = {
			isa = PBXVariantGroup;
			children = (
				A749DAEC25986DD200494598 /* Base */,
			);
			name = LaunchScreen.storyboard;
			sourceTree = "<group>";
		};
/* End PBXVariantGroup section */

/* Begin XCBuildConfiguration section */
		A749DAEF25986DD200494598 /* Debug */ = {
			isa = XCBuildConfiguration;
			buildSettings = {
				ALWAYS_SEARCH_USER_PATHS = NO;
				CLANG_ANALYZER_NONNULL = YES;
				CLANG_ANALYZER_NUMBER_OBJECT_CONVERSION = YES_AGGRESSIVE;
				CLANG_CXX_LANGUAGE_STANDARD = "gnu++14";
				CLANG_CXX_LIBRARY = "libc++";
				CLANG_ENABLE_MODULES = YES;
				CLANG_ENABLE_OBJC_ARC = YES;
				CLANG_ENABLE_OBJC_WEAK = YES;
				CLANG_WARN_BLOCK_CAPTURE_AUTORELEASING = YES;
				CLANG_WARN_BOOL_CONVERSION = YES;
				CLANG_WARN_COMMA = YES;
				CLANG_WARN_CONSTANT_CONVERSION = YES;
				CLANG_WARN_DEPRECATED_OBJC_IMPLEMENTATIONS = YES;
				CLANG_WARN_DIRECT_OBJC_ISA_USAGE = YES_ERROR;
				CLANG_WARN_DOCUMENTATION_COMMENTS = YES;
				CLANG_WARN_EMPTY_BODY = YES;
				CLANG_WARN_ENUM_CONVERSION = YES;
				CLANG_WARN_INFINITE_RECURSION = YES;
				CLANG_WARN_INT_CONVERSION = YES;
				CLANG_WARN_NON_LITERAL_NULL_CONVERSION = YES;
				CLANG_WARN_OBJC_IMPLICIT_RETAIN_SELF = YES;
				CLANG_WARN_OBJC_LITERAL_CONVERSION = YES;
				CLANG_WARN_OBJC_ROOT_CLASS = YES_ERROR;
				CLANG_WARN_QUOTED_INCLUDE_IN_FRAMEWORK_HEADER = YES;
				CLANG_WARN_RANGE_LOOP_ANALYSIS = YES;
				CLANG_WARN_STRICT_PROTOTYPES = YES;
				CLANG_WARN_SUSPICIOUS_MOVE = YES;
				CLANG_WARN_UNGUARDED_AVAILABILITY = YES_AGGRESSIVE;
				CLANG_WARN_UNREACHABLE_CODE = YES;
				CLANG_WARN__DUPLICATE_METHOD_MATCH = YES;
				COPY_PHASE_STRIP = NO;
				DEBUG_INFORMATION_FORMAT = dwarf;
				ENABLE_STRICT_OBJC_MSGSEND = YES;
				ENABLE_TESTABILITY = YES;
				GCC_C_LANGUAGE_STANDARD = gnu11;
				GCC_DYNAMIC_NO_PIC = NO;
				GCC_NO_COMMON_BLOCKS = YES;
				GCC_OPTIMIZATION_LEVEL = 0;
				GCC_PREPROCESSOR_DEFINITIONS = (
					"DEBUG=1",
					"$(inherited)",
				);
				GCC_WARN_64_TO_32_BIT_CONVERSION = YES;
				GCC_WARN_ABOUT_RETURN_TYPE = YES_ERROR;
				GCC_WARN_UNDECLARED_SELECTOR = YES;
				GCC_WARN_UNINITIALIZED_AUTOS = YES_AGGRESSIVE;
				GCC_WARN_UNUSED_FUNCTION = YES;
				GCC_WARN_UNUSED_VARIABLE = YES;
				IPHONEOS_DEPLOYMENT_TARGET = 14.3;
				MTL_ENABLE_DEBUG_INFO = INCLUDE_SOURCE;
				MTL_FAST_MATH = YES;
				ONLY_ACTIVE_ARCH = YES;
				SDKROOT = iphoneos;
				SWIFT_ACTIVE_COMPILATION_CONDITIONS = DEBUG;
				SWIFT_OPTIMIZATION_LEVEL = "-Onone";
			};
			name = Debug;
		};
		A749DAF025986DD200494598 /* Release */ = {
			isa = XCBuildConfiguration;
			buildSettings = {
				ALWAYS_SEARCH_USER_PATHS = NO;
				CLANG_ANALYZER_NONNULL = YES;
				CLANG_ANALYZER_NUMBER_OBJECT_CONVERSION = YES_AGGRESSIVE;
				CLANG_CXX_LANGUAGE_STANDARD = "gnu++14";
				CLANG_CXX_LIBRARY = "libc++";
				CLANG_ENABLE_MODULES = YES;
				CLANG_ENABLE_OBJC_ARC = YES;
				CLANG_ENABLE_OBJC_WEAK = YES;
				CLANG_WARN_BLOCK_CAPTURE_AUTORELEASING = YES;
				CLANG_WARN_BOOL_CONVERSION = YES;
				CLANG_WARN_COMMA = YES;
				CLANG_WARN_CONSTANT_CONVERSION = YES;
				CLANG_WARN_DEPRECATED_OBJC_IMPLEMENTATIONS = YES;
				CLANG_WARN_DIRECT_OBJC_ISA_USAGE = YES_ERROR;
				CLANG_WARN_DOCUMENTATION_COMMENTS = YES;
				CLANG_WARN_EMPTY_BODY = YES;
				CLANG_WARN_ENUM_CONVERSION = YES;
				CLANG_WARN_INFINITE_RECURSION = YES;
				CLANG_WARN_INT_CONVERSION = YES;
				CLANG_WARN_NON_LITERAL_NULL_CONVERSION = YES;
				CLANG_WARN_OBJC_IMPLICIT_RETAIN_SELF = YES;
				CLANG_WARN_OBJC_LITERAL_CONVERSION = YES;
				CLANG_WARN_OBJC_ROOT_CLASS = YES_ERROR;
				CLANG_WARN_QUOTED_INCLUDE_IN_FRAMEWORK_HEADER = YES;
				CLANG_WARN_RANGE_LOOP_ANALYSIS = YES;
				CLANG_WARN_STRICT_PROTOTYPES = YES;
				CLANG_WARN_SUSPICIOUS_MOVE = YES;
				CLANG_WARN_UNGUARDED_AVAILABILITY = YES_AGGRESSIVE;
				CLANG_WARN_UNREACHABLE_CODE = YES;
				CLANG_WARN__DUPLICATE_METHOD_MATCH = YES;
				COPY_PHASE_STRIP = NO;
				DEBUG_INFORMATION_FORMAT = "dwarf-with-dsym";
				ENABLE_NS_ASSERTIONS = NO;
				ENABLE_STRICT_OBJC_MSGSEND = YES;
				GCC_C_LANGUAGE_STANDARD = gnu11;
				GCC_NO_COMMON_BLOCKS = YES;
				GCC_WARN_64_TO_32_BIT_CONVERSION = YES;
				GCC_WARN_ABOUT_RETURN_TYPE = YES_ERROR;
				GCC_WARN_UNDECLARED_SELECTOR = YES;
				GCC_WARN_UNINITIALIZED_AUTOS = YES_AGGRESSIVE;
				GCC_WARN_UNUSED_FUNCTION = YES;
				GCC_WARN_UNUSED_VARIABLE = YES;
				IPHONEOS_DEPLOYMENT_TARGET = 14.3;
				MTL_ENABLE_DEBUG_INFO = NO;
				MTL_FAST_MATH = YES;
				SDKROOT = iphoneos;
				SWIFT_COMPILATION_MODE = wholemodule;
				SWIFT_OPTIMIZATION_LEVEL = "-O";
				VALIDATE_PRODUCT = YES;
			};
			name = Release;
		};
		A749DAF225986DD200494598 /* Debug */ = {
			isa = XCBuildConfiguration;
			baseConfigurationReference = 97CF6CAEAFB14E9052319BAB /* Pods-RxJHMeMO.debug.xcconfig */;
			buildSettings = {
				ASSETCATALOG_COMPILER_APPICON_NAME = AppIcon;
				ASSETCATALOG_COMPILER_GLOBAL_ACCENT_COLOR_NAME = AccentColor;
				CODE_SIGN_STYLE = Automatic;
				DEVELOPMENT_TEAM = CH57QT784A;
				INFOPLIST_FILE = RxJHMeMO/Info.plist;
				LD_RUNPATH_SEARCH_PATHS = (
					"$(inherited)",
					"@executable_path/Frameworks",
				);
				PRODUCT_BUNDLE_IDENTIFIER = JH.RxJHMeMO;
				PRODUCT_NAME = "$(TARGET_NAME)";
				SWIFT_VERSION = 5.0;
				TARGETED_DEVICE_FAMILY = "1,2";
			};
			name = Debug;
		};
		A749DAF325986DD200494598 /* Release */ = {
			isa = XCBuildConfiguration;
			baseConfigurationReference = B4349CE8DF40BD9FD504E3C9 /* Pods-RxJHMeMO.release.xcconfig */;
			buildSettings = {
				ASSETCATALOG_COMPILER_APPICON_NAME = AppIcon;
				ASSETCATALOG_COMPILER_GLOBAL_ACCENT_COLOR_NAME = AccentColor;
				CODE_SIGN_STYLE = Automatic;
				DEVELOPMENT_TEAM = CH57QT784A;
				INFOPLIST_FILE = RxJHMeMO/Info.plist;
				LD_RUNPATH_SEARCH_PATHS = (
					"$(inherited)",
					"@executable_path/Frameworks",
				);
				PRODUCT_BUNDLE_IDENTIFIER = JH.RxJHMeMO;
				PRODUCT_NAME = "$(TARGET_NAME)";
				SWIFT_VERSION = 5.0;
				TARGETED_DEVICE_FAMILY = "1,2";
			};
			name = Release;
		};
/* End XCBuildConfiguration section */

/* Begin XCConfigurationList section */
		A749DAD525986DD100494598 /* Build configuration list for PBXProject "RxJHMeMO" */ = {
			isa = XCConfigurationList;
			buildConfigurations = (
				A749DAEF25986DD200494598 /* Debug */,
				A749DAF025986DD200494598 /* Release */,
			);
			defaultConfigurationIsVisible = 0;
			defaultConfigurationName = Release;
		};
		A749DAF125986DD200494598 /* Build configuration list for PBXNativeTarget "RxJHMeMO" */ = {
			isa = XCConfigurationList;
			buildConfigurations = (
				A749DAF225986DD200494598 /* Debug */,
				A749DAF325986DD200494598 /* Release */,
			);
			defaultConfigurationIsVisible = 0;
			defaultConfigurationName = Release;
		};
/* End XCConfigurationList section */

/* Begin XCVersionGroup section */
		A749DAE625986DD100494598 /* RxJHMeMO.xcdatamodeld */ = {
			isa = XCVersionGroup;
			children = (
				A749DAE725986DD100494598 /* RxJHMeMO.xcdatamodel */,
			);
			currentVersion = A749DAE725986DD100494598 /* RxJHMeMO.xcdatamodel */;
			path = RxJHMeMO.xcdatamodeld;
			sourceTree = "<group>";
			versionGroupType = wrapper.xcdatamodel;
		};
/* End XCVersionGroup section */
	};
	rootObject = A749DAD225986DD100494598 /* Project object */;
}
